
Microsoft Visual Studio Solution File, Format Version 12.00
# Visual Studio 15
Project("{FAE04EC0-301F-11D3-BF4B-00C04F79EFBC}") = "Unity.Timeline", "Unity.Timeline.csproj", "{961D7FCC-5C4B-8204-1C4F-825589CD4982}"
EndProject
Project("{FAE04EC0-301F-11D3-BF4B-00C04F79EFBC}") = "Unity.RenderPipelines.GPUDriven.Runtime", "Unity.RenderPipelines.GPUDriven.Runtime.csproj", "{145D7869-DC14-7091-AA55-156446AD54D7}"
EndProject
Project("{FAE04EC0-301F-11D3-BF4B-00C04F79EFBC}") = "Unity.PlasticSCM.Editor", "Unity.PlasticSCM.Editor.csproj", "{B6D02727-1FBE-D445-AD96-4B41E8BB195D}"
EndProject
Project("{FAE04EC0-301F-11D3-BF4B-00C04F79EFBC}") = "Unity.ShaderGraph.Editor", "Unity.ShaderGraph.Editor.csproj", "{598E8042-209D-E0CA-2E30-0B0455B5D6F5}"
EndProject
Project("{FAE04EC0-301F-11D3-BF4B-00C04F79EFBC}") = "Unity.RenderPipelines.Core.Runtime", "Unity.RenderPipelines.Core.Runtime.csproj", "{C978CEB7-64F9-6542-3F84-35D1DBFB7ED4}"
EndProject
Project("{FAE04EC0-301F-11D3-BF4B-00C04F79EFBC}") = "Unity.Mathematics", "Unity.Mathematics.csproj", "{8D6C2B01-CF44-C3DD-4231-27696CB46C01}"
EndProject
Project("{FAE04EC0-301F-11D3-BF4B-00C04F79EFBC}") = "Unity.Timeline.Editor", "Unity.Timeline.Editor.csproj", "{E589A28E-2C4C-EA21-8CD8-5FC9008A4220}"
EndProject
Project("{FAE04EC0-301F-11D3-BF4B-00C04F79EFBC}") = "Unity.Multiplayer.Center.Editor", "Unity.Multiplayer.Center.Editor.csproj", "{15536583-A4C1-1C09-7D68-FBB3665A3B65}"
EndProject
Project("{FAE04EC0-301F-11D3-BF4B-00C04F79EFBC}") = "Unity.RenderPipelines.Core.Editor", "Unity.RenderPipelines.Core.Editor.csproj", "{14CC1DF2-B68B-FA65-9DBF-AB84F496EAF3}"
EndProject
Project("{FAE04EC0-301F-11D3-BF4B-00C04F79EFBC}") = "Unity.Collections", "Unity.Collections.csproj", "{4BA93EB6-295D-5254-5084-62CB379B2568}"
EndProject
Project("{FAE04EC0-301F-11D3-BF4B-00C04F79EFBC}") = "UnityEngine.UI", "UnityEngine.UI.csproj", "{C9527B13-3745-E79F-FD18-903687BF06EC}"
EndProject
Project("{FAE04EC0-301F-11D3-BF4B-00C04F79EFBC}") = "Unity.TerrainTools.Editor", "Unity.TerrainTools.Editor.csproj", "{04AF4385-55F8-16E5-B021-53D283251439}"
EndProject
Project("{FAE04EC0-301F-11D3-BF4B-00C04F79EFBC}") = "Unity.RenderPipelines.Universal.2D.Runtime", "Unity.RenderPipelines.Universal.2D.Runtime.csproj", "{02C24110-50CE-719B-DBD0-346E57FAF09A}"
EndProject
Project("{FAE04EC0-301F-11D3-BF4B-00C04F79EFBC}") = "Unity.VisualScripting.Core.Editor", "Unity.VisualScripting.Core.Editor.csproj", "{8B90BE13-0A39-2C9D-C75D-9A7D236EC4C6}"
EndProject
Project("{FAE04EC0-301F-11D3-BF4B-00C04F79EFBC}") = "Unity.RenderPipelines.Universal.Editor", "Unity.RenderPipelines.Universal.Editor.csproj", "{7A1AADEC-ACF1-F2E1-40CA-65D542C63A9E}"
EndProject
Project("{FAE04EC0-301F-11D3-BF4B-00C04F79EFBC}") = "Unity.PerformanceTesting.Editor", "Unity.PerformanceTesting.Editor.csproj", "{C8EAA9A1-9B4D-2800-FFB1-9D6E21CC0A57}"
EndProject
Project("{FAE04EC0-301F-11D3-BF4B-00C04F79EFBC}") = "UnityEngine.TestRunner", "UnityEngine.TestRunner.csproj", "{4EED4E52-B9B2-6A39-D2DE-8B6196C64B8F}"
EndProject
Project("{FAE04EC0-301F-11D3-BF4B-00C04F79EFBC}") = "Unity.Burst", "Unity.Burst.csproj", "{FE03A618-8257-F390-2D76-96FF59898989}"
EndProject
Project("{FAE04EC0-301F-11D3-BF4B-00C04F79EFBC}") = "Unity.VisualScripting.Flow.Editor", "Unity.VisualScripting.Flow.Editor.csproj", "{89BA7059-79B1-BBB3-CB16-ED46DA9FFCAC}"
EndProject
Project("{FAE04EC0-301F-11D3-BF4B-00C04F79EFBC}") = "Unity.VisualStudio.Editor", "Unity.VisualStudio.Editor.csproj", "{55389AFD-A9AE-96A8-01F2-D651735518C7}"
EndProject
Project("{FAE04EC0-301F-11D3-BF4B-00C04F79EFBC}") = "Unity.InputSystem", "Unity.InputSystem.csproj", "{DE3540CD-A10D-18E8-C9B6-CD1842088CA0}"
EndProject
Project("{FAE04EC0-301F-11D3-BF4B-00C04F79EFBC}") = "PPv2URPConverters", "PPv2URPConverters.csproj", "{C1B02703-6C09-BA75-763E-F4B520DA3926}"
EndProject
Project("{FAE04EC0-301F-11D3-BF4B-00C04F79EFBC}") = "Unity.Searcher.Editor", "Unity.Searcher.Editor.csproj", "{EA27C0B5-6100-C198-6ECC-AF6E1755D477}"
EndProject
Project("{FAE04EC0-301F-11D3-BF4B-00C04F79EFBC}") = "UnityEditor.TestRunner", "UnityEditor.TestRunner.csproj", "{BA6733A0-6D58-119B-E503-ED1CEF37CC06}"
EndProject
Project("{FAE04EC0-301F-11D3-BF4B-00C04F79EFBC}") = "Unity.VisualScripting.Core", "Unity.VisualScripting.Core.csproj", "{2A8EAC97-6B23-9A31-E5FD-E9C99DC073BC}"
EndProject
Project("{FAE04EC0-301F-11D3-BF4B-00C04F79EFBC}") = "Unity.RenderPipelines.Universal.Runtime", "Unity.RenderPipelines.Universal.Runtime.csproj", "{47579656-0905-147F-FDFC-23ED3218C51A}"
EndProject
Project("{FAE04EC0-301F-11D3-BF4B-00C04F79EFBC}") = "Unity.CollabProxy.Editor", "Unity.CollabProxy.Editor.csproj", "{A6BEF830-61A6-600B-FDC5-9BB7440CAAED}"
EndProject
Project("{FAE04EC0-301F-11D3-BF4B-00C04F79EFBC}") = "Unity.AI.Navigation.Editor.ConversionSystem", "Unity.AI.Navigation.Editor.ConversionSystem.csproj", "{D5994F28-6532-C242-D167-6DC707448F2C}"
EndProject
Project("{FAE04EC0-301F-11D3-BF4B-00C04F79EFBC}") = "Unity.VisualScripting.State.Editor", "Unity.VisualScripting.State.Editor.csproj", "{861D221D-AEE2-D44B-CA7D-A399380836BA}"
EndProject
Project("{FAE04EC0-301F-11D3-BF4B-00C04F79EFBC}") = "Unity.Burst.CodeGen", "Unity.Burst.CodeGen.csproj", "{BA31AC26-D311-3697-AA62-DB37A2AB2CE6}"
EndProject
Project("{FAE04EC0-301F-11D3-BF4B-00C04F79EFBC}") = "Unity.VisualScripting.Flow", "Unity.VisualScripting.Flow.csproj", "{038C746B-6730-4CFF-1702-A0B36977FA7B}"
EndProject
Project("{FAE04EC0-301F-11D3-BF4B-00C04F79EFBC}") = "Unity.PerformanceTesting", "Unity.PerformanceTesting.csproj", "{B0387D60-E396-2F76-85F0-C2142943DF43}"
EndProject
Project("{FAE04EC0-301F-11D3-BF4B-00C04F79EFBC}") = "Unity.TextMeshPro", "Unity.TextMeshPro.csproj", "{68377757-D04F-FECF-5F82-B00B8FCA139B}"
EndProject
Project("{FAE04EC0-301F-11D3-BF4B-00C04F79EFBC}") = "Unity.TextMeshPro.Editor", "Unity.TextMeshPro.Editor.csproj", "{E1A7C5E4-D60B-4D76-543E-D806B7B54EC2}"
EndProject
Project("{FAE04EC0-301F-11D3-BF4B-00C04F79EFBC}") = "Unity.Rendering.LightTransport.Runtime", "Unity.Rendering.LightTransport.Runtime.csproj", "{AD0BB67B-EEBA-A377-6BB8-3D8779825868}"
EndProject
Project("{FAE04EC0-301F-11D3-BF4B-00C04F79EFBC}") = "Unity.Burst.Editor", "Unity.Burst.Editor.csproj", "{96A8DAC8-3BF9-79BC-2F10-27C3EBD73EC7}"
EndProject
Project("{FAE04EC0-301F-11D3-BF4B-00C04F79EFBC}") = "Unity.Rider.Editor", "Unity.Rider.Editor.csproj", "{C6627ED1-6DAE-A11A-820C-9D75A5D0DE8C}"
EndProject
Project("{FAE04EC0-301F-11D3-BF4B-00C04F79EFBC}") = "Unity.VisualScripting.State", "Unity.VisualScripting.State.csproj", "{77E390BF-8650-EEE0-5E2F-CD270E5A19BA}"
EndProject
Project("{FAE04EC0-301F-11D3-BF4B-00C04F79EFBC}") = "Unity.AI.Navigation.Updater", "Unity.AI.Navigation.Updater.csproj", "{079D94EF-42FA-947D-8C09-0690EA93A9E7}"
EndProject
Project("{FAE04EC0-301F-11D3-BF4B-00C04F79EFBC}") = "UnityEditor.UI", "UnityEditor.UI.csproj", "{9B247336-E460-E155-08FE-A5A89E2ACCD4}"
EndProject
Project("{FAE04EC0-301F-11D3-BF4B-00C04F79EFBC}") = "Unity.AI.Navigation.Editor", "Unity.AI.Navigation.Editor.csproj", "{85118C22-29BA-AA0F-E05B-87480BC48499}"
EndProject
Project("{FAE04EC0-301F-11D3-BF4B-00C04F79EFBC}") = "Unity.Multiplayer.Center.Common", "Unity.Multiplayer.Center.Common.csproj", "{D64D6261-33AE-2D5C-3C37-9455916115BC}"
EndProject
Project("{FAE04EC0-301F-11D3-BF4B-00C04F79EFBC}") = "Unity.InputSystem.ForUI", "Unity.InputSystem.ForUI.csproj", "{F5293E95-3514-0302-246A-F5D0D8126ACC}"
EndProject
Project("{FAE04EC0-301F-11D3-BF4B-00C04F79EFBC}") = "Unity.AI.Navigation", "Unity.AI.Navigation.csproj", "{CBD5BF17-C73B-1BB6-D624-3A57296C3FC2}"
EndProject
Project("{FAE04EC0-301F-11D3-BF4B-00C04F79EFBC}") = "Unity.Collections.CodeGen", "Unity.Collections.CodeGen.csproj", "{BB7741BF-5FC0-3A63-A9D3-03564959AB4E}"
EndProject
Project("{FAE04EC0-301F-11D3-BF4B-00C04F79EFBC}") = "Unity.Mathematics.Editor", "Unity.Mathematics.Editor.csproj", "{DFD773C9-8DC9-9310-E34A-1CD393C6BB0F}"
EndProject
Project("{FAE04EC0-301F-11D3-BF4B-00C04F79EFBC}") = "Unity.VisualScripting.SettingsProvider.Editor", "Unity.VisualScripting.SettingsProvider.Editor.csproj", "{07DA17EE-33B3-973F-E50A-5E8A894C5DE3}"
EndProject
Project("{FAE04EC0-301F-11D3-BF4B-00C04F79EFBC}") = "Assembly-CSharp-Editor", "Assembly-CSharp-Editor.csproj", "{E7EE37CD-8958-33AF-1F58-02ED4B1BAC18}"
EndProject
Project("{FAE04EC0-301F-11D3-BF4B-00C04F79EFBC}") = "Unity.InputSystem.TestFramework", "Unity.InputSystem.TestFramework.csproj", "{B7BF7A78-40C7-888A-7FC1-70063BBA9288}"
EndProject
Project("{FAE04EC0-301F-11D3-BF4B-00C04F79EFBC}") = "Unity.ShaderGraph.Utilities", "Unity.ShaderGraph.Utilities.csproj", "{BD523B65-F307-8ED9-21C9-87039668F5B2}"
EndProject
Project("{FAE04EC0-301F-11D3-BF4B-00C04F79EFBC}") = "Unity.VisualScripting.Shared.Editor", "Unity.VisualScripting.Shared.Editor.csproj", "{31503592-DBB5-5151-F15B-72331522EC62}"
EndProject
Project("{FAE04EC0-301F-11D3-BF4B-00C04F79EFBC}") = "Unity.Toolchain.Win-x86_64-Linux-x86_64", "Unity.Toolchain.Win-x86_64-Linux-x86_64.csproj", "{7AFC3676-62DA-BE08-F22C-F7E57E3325EE}"
EndProject
Project("{FAE04EC0-301F-11D3-BF4B-00C04F79EFBC}") = "Unity.TerrainTools", "Unity.TerrainTools.csproj", "{BFB5CFA1-389E-D659-25A3-F14FB7B928C9}"
EndProject
Project("{FAE04EC0-301F-11D3-BF4B-00C04F79EFBC}") = "Unity.RenderPipeline.Universal.ShaderLibrary", "Unity.RenderPipeline.Universal.ShaderLibrary.csproj", "{61C1C10C-5864-A8E3-321A-CDE6F6700B74}"
EndProject
Project("{FAE04EC0-301F-11D3-BF4B-00C04F79EFBC}") = "Unity.SysrootPackage.Editor", "Unity.SysrootPackage.Editor.csproj", "{8DDA7932-FEF5-F19F-A093-7F311CC2B329}"
EndProject
Project("{FAE04EC0-301F-11D3-BF4B-00C04F79EFBC}") = "Unity.Rendering.LightTransport.Editor", "Unity.Rendering.LightTransport.Editor.csproj", "{7558EB03-829E-987C-AF98-AAD067DA87DC}"
EndProject
Project("{FAE04EC0-301F-11D3-BF4B-00C04F79EFBC}") = "Unity.InputSystem.DocCodeSamples", "Unity.InputSystem.DocCodeSamples.csproj", "{77DF3EEE-4B6D-BF43-82FB-68D134A1C719}"
EndProject
Project("{FAE04EC0-301F-11D3-BF4B-00C04F79EFBC}") = "Unity.RenderPipelines.Universal.Shaders", "Unity.RenderPipelines.Universal.Shaders.csproj", "{4FBA930C-3CF1-9849-801C-F1231882DB12}"
EndProject
Project("{FAE04EC0-301F-11D3-BF4B-00C04F79EFBC}") = "Unity.RenderPipelines.Core.Runtime.Shared", "Unity.RenderPipelines.Core.Runtime.Shared.csproj", "{4280D865-748D-FF52-089F-7DA747511A85}"
EndProject
Project("{FAE04EC0-301F-11D3-BF4B-00C04F79EFBC}") = "Unity.Sysroot.Linux_x86_64", "Unity.Sysroot.Linux_x86_64.csproj", "{DB0D9601-E4B8-51D7-588D-63CB96A00CA5}"
EndProject
Project("{FAE04EC0-301F-11D3-BF4B-00C04F79EFBC}") = "Assembly-CSharp", "Assembly-CSharp.csproj", "{BA83D299-B2A4-76E3-F5E1-451C1E1018E1}"
EndProject
Project("{FAE04EC0-301F-11D3-BF4B-00C04F79EFBC}") = "Unity.Collections.Editor", "Unity.Collections.Editor.csproj", "{9338D442-8B03-52F5-F3B5-4C30158D61EF}"
EndProject
Project("{FAE04EC0-301F-11D3-BF4B-00C04F79EFBC}") = "Unity.RenderPipelines.Universal.Config.Runtime", "Unity.RenderPipelines.Universal.Config.Runtime.csproj", "{4118618D-A8D9-7CFB-D252-8E2670709055}"
EndProject
Project("{FAE04EC0-301F-11D3-BF4B-00C04F79EFBC}") = "Unity.RenderPipelines.ShaderGraph.ShaderGraphLibrary", "Unity.RenderPipelines.ShaderGraph.ShaderGraphLibrary.csproj", "{0393525F-BDEF-FAEE-F58A-5451CBC913C6}"
EndProject
Project("{FAE04EC0-301F-11D3-BF4B-00C04F79EFBC}") = "Unity.RenderPipelines.Core.ShaderLibrary", "Unity.RenderPipelines.Core.ShaderLibrary.csproj", "{63A4CF25-8871-F38F-17B2-0E7ADCC6A61D}"
EndProject
Project("{FAE04EC0-301F-11D3-BF4B-00C04F79EFBC}") = "Unity.RenderPipelines.Core.Editor.Shared", "Unity.RenderPipelines.Core.Editor.Shared.csproj", "{0EB2774E-DF67-4101-D051-B49E98AED14A}"
EndProject
Global
	GlobalSection(SolutionConfigurationPlatforms) = preSolution
		Debug|Any CPU = Debug|Any CPU
		Release|Any CPU = Release|Any CPU
	EndGlobalSection
	GlobalSection(ProjectConfigurationPlatforms) = postSolution
		{961D7FCC-5C4B-8204-1C4F-825589CD4982}.Debug|Any CPU.ActiveCfg = Debug|Any CPU
		{961D7FCC-5C4B-8204-1C4F-825589CD4982}.Debug|Any CPU.Build.0 = Debug|Any CPU
		{961D7FCC-5C4B-8204-1C4F-825589CD4982}.Release|Any CPU.ActiveCfg = Release|Any CPU
		{961D7FCC-5C4B-8204-1C4F-825589CD4982}.Release|Any CPU.Build.0 = Release|Any CPU
		{145D7869-DC14-7091-AA55-156446AD54D7}.Debug|Any CPU.ActiveCfg = Debug|Any CPU
		{145D7869-DC14-7091-AA55-156446AD54D7}.Debug|Any CPU.Build.0 = Debug|Any CPU
		{145D7869-DC14-7091-AA55-156446AD54D7}.Release|Any CPU.ActiveCfg = Release|Any CPU
		{145D7869-DC14-7091-AA55-156446AD54D7}.Release|Any CPU.Build.0 = Release|Any CPU
		{B6D02727-1FBE-D445-AD96-4B41E8BB195D}.Debug|Any CPU.ActiveCfg = Debug|Any CPU
		{B6D02727-1FBE-D445-AD96-4B41E8BB195D}.Debug|Any CPU.Build.0 = Debug|Any CPU
		{B6D02727-1FBE-D445-AD96-4B41E8BB195D}.Release|Any CPU.ActiveCfg = Release|Any CPU
		{B6D02727-1FBE-D445-AD96-4B41E8BB195D}.Release|Any CPU.Build.0 = Release|Any CPU
		{598E8042-209D-E0CA-2E30-0B0455B5D6F5}.Debug|Any CPU.ActiveCfg = Debug|Any CPU
		{598E8042-209D-E0CA-2E30-0B0455B5D6F5}.Debug|Any CPU.Build.0 = Debug|Any CPU
		{598E8042-209D-E0CA-2E30-0B0455B5D6F5}.Release|Any CPU.ActiveCfg = Release|Any CPU
		{598E8042-209D-E0CA-2E30-0B0455B5D6F5}.Release|Any CPU.Build.0 = Release|Any CPU
		{C978CEB7-64F9-6542-3F84-35D1DBFB7ED4}.Debug|Any CPU.ActiveCfg = Debug|Any CPU
		{C978CEB7-64F9-6542-3F84-35D1DBFB7ED4}.Debug|Any CPU.Build.0 = Debug|Any CPU
		{C978CEB7-64F9-6542-3F84-35D1DBFB7ED4}.Release|Any CPU.ActiveCfg = Release|Any CPU
		{C978CEB7-64F9-6542-3F84-35D1DBFB7ED4}.Release|Any CPU.Build.0 = Release|Any CPU
		{8D6C2B01-CF44-C3DD-4231-27696CB46C01}.Debug|Any CPU.ActiveCfg = Debug|Any CPU
		{8D6C2B01-CF44-C3DD-4231-27696CB46C01}.Debug|Any CPU.Build.0 = Debug|Any CPU
		{8D6C2B01-CF44-C3DD-4231-27696CB46C01}.Release|Any CPU.ActiveCfg = Release|Any CPU
		{8D6C2B01-CF44-C3DD-4231-27696CB46C01}.Release|Any CPU.Build.0 = Release|Any CPU
		{E589A28E-2C4C-EA21-8CD8-5FC9008A4220}.Debug|Any CPU.ActiveCfg = Debug|Any CPU
		{E589A28E-2C4C-EA21-8CD8-5FC9008A4220}.Debug|Any CPU.Build.0 = Debug|Any CPU
		{E589A28E-2C4C-EA21-8CD8-5FC9008A4220}.Release|Any CPU.ActiveCfg = Release|Any CPU
		{E589A28E-2C4C-EA21-8CD8-5FC9008A4220}.Release|Any CPU.Build.0 = Release|Any CPU
		{15536583-A4C1-1C09-7D68-FBB3665A3B65}.Debug|Any CPU.ActiveCfg = Debug|Any CPU
		{15536583-A4C1-1C09-7D68-FBB3665A3B65}.Debug|Any CPU.Build.0 = Debug|Any CPU
		{15536583-A4C1-1C09-7D68-FBB3665A3B65}.Release|Any CPU.ActiveCfg = Release|Any CPU
		{15536583-A4C1-1C09-7D68-FBB3665A3B65}.Release|Any CPU.Build.0 = Release|Any CPU
		{14CC1DF2-B68B-FA65-9DBF-AB84F496EAF3}.Debug|Any CPU.ActiveCfg = Debug|Any CPU
		{14CC1DF2-B68B-FA65-9DBF-AB84F496EAF3}.Debug|Any CPU.Build.0 = Debug|Any CPU
		{14CC1DF2-B68B-FA65-9DBF-AB84F496EAF3}.Release|Any CPU.ActiveCfg = Release|Any CPU
		{14CC1DF2-B68B-FA65-9DBF-AB84F496EAF3}.Release|Any CPU.Build.0 = Release|Any CPU
		{4BA93EB6-295D-5254-5084-62CB379B2568}.Debug|Any CPU.ActiveCfg = Debug|Any CPU
		{4BA93EB6-295D-5254-5084-62CB379B2568}.Debug|Any CPU.Build.0 = Debug|Any CPU
		{4BA93EB6-295D-5254-5084-62CB379B2568}.Release|Any CPU.ActiveCfg = Release|Any CPU
		{4BA93EB6-295D-5254-5084-62CB379B2568}.Release|Any CPU.Build.0 = Release|Any CPU
		{C9527B13-3745-E79F-FD18-903687BF06EC}.Debug|Any CPU.ActiveCfg = Debug|Any CPU
		{C9527B13-3745-E79F-FD18-903687BF06EC}.Debug|Any CPU.Build.0 = Debug|Any CPU
		{C9527B13-3745-E79F-FD18-903687BF06EC}.Release|Any CPU.ActiveCfg = Release|Any CPU
		{C9527B13-3745-E79F-FD18-903687BF06EC}.Release|Any CPU.Build.0 = Release|Any CPU
		{04AF4385-55F8-16E5-B021-53D283251439}.Debug|Any CPU.ActiveCfg = Debug|Any CPU
		{04AF4385-55F8-16E5-B021-53D283251439}.Debug|Any CPU.Build.0 = Debug|Any CPU
		{04AF4385-55F8-16E5-B021-53D283251439}.Release|Any CPU.ActiveCfg = Release|Any CPU
		{04AF4385-55F8-16E5-B021-53D283251439}.Release|Any CPU.Build.0 = Release|Any CPU
		{02C24110-50CE-719B-DBD0-346E57FAF09A}.Debug|Any CPU.ActiveCfg = Debug|Any CPU
		{02C24110-50CE-719B-DBD0-346E57FAF09A}.Debug|Any CPU.Build.0 = Debug|Any CPU
		{02C24110-50CE-719B-DBD0-346E57FAF09A}.Release|Any CPU.ActiveCfg = Release|Any CPU
		{02C24110-50CE-719B-DBD0-346E57FAF09A}.Release|Any CPU.Build.0 = Release|Any CPU
		{8B90BE13-0A39-2C9D-C75D-9A7D236EC4C6}.Debug|Any CPU.ActiveCfg = Debug|Any CPU
		{8B90BE13-0A39-2C9D-C75D-9A7D236EC4C6}.Debug|Any CPU.Build.0 = Debug|Any CPU
		{8B90BE13-0A39-2C9D-C75D-9A7D236EC4C6}.Release|Any CPU.ActiveCfg = Release|Any CPU
		{8B90BE13-0A39-2C9D-C75D-9A7D236EC4C6}.Release|Any CPU.Build.0 = Release|Any CPU
		{7A1AADEC-ACF1-F2E1-40CA-65D542C63A9E}.Debug|Any CPU.ActiveCfg = Debug|Any CPU
		{7A1AADEC-ACF1-F2E1-40CA-65D542C63A9E}.Debug|Any CPU.Build.0 = Debug|Any CPU
		{7A1AADEC-ACF1-F2E1-40CA-65D542C63A9E}.Release|Any CPU.ActiveCfg = Release|Any CPU
		{7A1AADEC-ACF1-F2E1-40CA-65D542C63A9E}.Release|Any CPU.Build.0 = Release|Any CPU
		{C8EAA9A1-9B4D-2800-FFB1-9D6E21CC0A57}.Debug|Any CPU.ActiveCfg = Debug|Any CPU
		{C8EAA9A1-9B4D-2800-FFB1-9D6E21CC0A57}.Debug|Any CPU.Build.0 = Debug|Any CPU
		{C8EAA9A1-9B4D-2800-FFB1-9D6E21CC0A57}.Release|Any CPU.ActiveCfg = Release|Any CPU
		{C8EAA9A1-9B4D-2800-FFB1-9D6E21CC0A57}.Release|Any CPU.Build.0 = Release|Any CPU
		{4EED4E52-B9B2-6A39-D2DE-8B6196C64B8F}.Debug|Any CPU.ActiveCfg = Debug|Any CPU
		{4EED4E52-B9B2-6A39-D2DE-8B6196C64B8F}.Debug|Any CPU.Build.0 = Debug|Any CPU
		{4EED4E52-B9B2-6A39-D2DE-8B6196C64B8F}.Release|Any CPU.ActiveCfg = Release|Any CPU
		{4EED4E52-B9B2-6A39-D2DE-8B6196C64B8F}.Release|Any CPU.Build.0 = Release|Any CPU
		{FE03A618-8257-F390-2D76-96FF59898989}.Debug|Any CPU.ActiveCfg = Debug|Any CPU
		{FE03A618-8257-F390-2D76-96FF59898989}.Debug|Any CPU.Build.0 = Debug|Any CPU
		{FE03A618-8257-F390-2D76-96FF59898989}.Release|Any CPU.ActiveCfg = Release|Any CPU
		{FE03A618-8257-F390-2D76-96FF59898989}.Release|Any CPU.Build.0 = Release|Any CPU
		{89BA7059-79B1-BBB3-CB16-ED46DA9FFCAC}.Debug|Any CPU.ActiveCfg = Debug|Any CPU
		{89BA7059-79B1-BBB3-CB16-ED46DA9FFCAC}.Debug|Any CPU.Build.0 = Debug|Any CPU
		{89BA7059-79B1-BBB3-CB16-ED46DA9FFCAC}.Release|Any CPU.ActiveCfg = Release|Any CPU
		{89BA7059-79B1-BBB3-CB16-ED46DA9FFCAC}.Release|Any CPU.Build.0 = Release|Any CPU
		{55389AFD-A9AE-96A8-01F2-D651735518C7}.Debug|Any CPU.ActiveCfg = Debug|Any CPU
		{55389AFD-A9AE-96A8-01F2-D651735518C7}.Debug|Any CPU.Build.0 = Debug|Any CPU
		{55389AFD-A9AE-96A8-01F2-D651735518C7}.Release|Any CPU.ActiveCfg = Release|Any CPU
		{55389AFD-A9AE-96A8-01F2-D651735518C7}.Release|Any CPU.Build.0 = Release|Any CPU
		{DE3540CD-A10D-18E8-C9B6-CD1842088CA0}.Debug|Any CPU.ActiveCfg = Debug|Any CPU
		{DE3540CD-A10D-18E8-C9B6-CD1842088CA0}.Debug|Any CPU.Build.0 = Debug|Any CPU
		{DE3540CD-A10D-18E8-C9B6-CD1842088CA0}.Release|Any CPU.ActiveCfg = Release|Any CPU
		{DE3540CD-A10D-18E8-C9B6-CD1842088CA0}.Release|Any CPU.Build.0 = Release|Any CPU
		{C1B02703-6C09-BA75-763E-F4B520DA3926}.Debug|Any CPU.ActiveCfg = Debug|Any CPU
		{C1B02703-6C09-BA75-763E-F4B520DA3926}.Debug|Any CPU.Build.0 = Debug|Any CPU
		{C1B02703-6C09-BA75-763E-F4B520DA3926}.Release|Any CPU.ActiveCfg = Release|Any CPU
		{C1B02703-6C09-BA75-763E-F4B520DA3926}.Release|Any CPU.Build.0 = Release|Any CPU
		{EA27C0B5-6100-C198-6ECC-AF6E1755D477}.Debug|Any CPU.ActiveCfg = Debug|Any CPU
		{EA27C0B5-6100-C198-6ECC-AF6E1755D477}.Debug|Any CPU.Build.0 = Debug|Any CPU
		{EA27C0B5-6100-C198-6ECC-AF6E1755D477}.Release|Any CPU.ActiveCfg = Release|Any CPU
		{EA27C0B5-6100-C198-6ECC-AF6E1755D477}.Release|Any CPU.Build.0 = Release|Any CPU
		{BA6733A0-6D58-119B-E503-ED1CEF37CC06}.Debug|Any CPU.ActiveCfg = Debug|Any CPU
		{BA6733A0-6D58-119B-E503-ED1CEF37CC06}.Debug|Any CPU.Build.0 = Debug|Any CPU
		{BA6733A0-6D58-119B-E503-ED1CEF37CC06}.Release|Any CPU.ActiveCfg = Release|Any CPU
		{BA6733A0-6D58-119B-E503-ED1CEF37CC06}.Release|Any CPU.Build.0 = Release|Any CPU
		{2A8EAC97-6B23-9A31-E5FD-E9C99DC073BC}.Debug|Any CPU.ActiveCfg = Debug|Any CPU
		{2A8EAC97-6B23-9A31-E5FD-E9C99DC073BC}.Debug|Any CPU.Build.0 = Debug|Any CPU
		{2A8EAC97-6B23-9A31-E5FD-E9C99DC073BC}.Release|Any CPU.ActiveCfg = Release|Any CPU
		{2A8EAC97-6B23-9A31-E5FD-E9C99DC073BC}.Release|Any CPU.Build.0 = Release|Any CPU
		{47579656-0905-147F-FDFC-23ED3218C51A}.Debug|Any CPU.ActiveCfg = Debug|Any CPU
		{47579656-0905-147F-FDFC-23ED3218C51A}.Debug|Any CPU.Build.0 = Debug|Any CPU
		{47579656-0905-147F-FDFC-23ED3218C51A}.Release|Any CPU.ActiveCfg = Release|Any CPU
		{47579656-0905-147F-FDFC-23ED3218C51A}.Release|Any CPU.Build.0 = Release|Any CPU
		{A6BEF830-61A6-600B-FDC5-9BB7440CAAED}.Debug|Any CPU.ActiveCfg = Debug|Any CPU
		{A6BEF830-61A6-600B-FDC5-9BB7440CAAED}.Debug|Any CPU.Build.0 = Debug|Any CPU
		{A6BEF830-61A6-600B-FDC5-9BB7440CAAED}.Release|Any CPU.ActiveCfg = Release|Any CPU
		{A6BEF830-61A6-600B-FDC5-9BB7440CAAED}.Release|Any CPU.Build.0 = Release|Any CPU
		{D5994F28-6532-C242-D167-6DC707448F2C}.Debug|Any CPU.ActiveCfg = Debug|Any CPU
		{D5994F28-6532-C242-D167-6DC707448F2C}.Debug|Any CPU.Build.0 = Debug|Any CPU
		{D5994F28-6532-C242-D167-6DC707448F2C}.Release|Any CPU.ActiveCfg = Release|Any CPU
		{D5994F28-6532-C242-D167-6DC707448F2C}.Release|Any CPU.Build.0 = Release|Any CPU
		{861D221D-AEE2-D44B-CA7D-A399380836BA}.Debug|Any CPU.ActiveCfg = Debug|Any CPU
		{861D221D-AEE2-D44B-CA7D-A399380836BA}.Debug|Any CPU.Build.0 = Debug|Any CPU
		{861D221D-AEE2-D44B-CA7D-A399380836BA}.Release|Any CPU.ActiveCfg = Release|Any CPU
		{861D221D-AEE2-D44B-CA7D-A399380836BA}.Release|Any CPU.Build.0 = Release|Any CPU
		{BA31AC26-D311-3697-AA62-DB37A2AB2CE6}.Debug|Any CPU.ActiveCfg = Debug|Any CPU
		{BA31AC26-D311-3697-AA62-DB37A2AB2CE6}.Debug|Any CPU.Build.0 = Debug|Any CPU
		{BA31AC26-D311-3697-AA62-DB37A2AB2CE6}.Release|Any CPU.ActiveCfg = Release|Any CPU
		{BA31AC26-D311-3697-AA62-DB37A2AB2CE6}.Release|Any CPU.Build.0 = Release|Any CPU
		{038C746B-6730-4CFF-1702-A0B36977FA7B}.Debug|Any CPU.ActiveCfg = Debug|Any CPU
		{038C746B-6730-4CFF-1702-A0B36977FA7B}.Debug|Any CPU.Build.0 = Debug|Any CPU
		{038C746B-6730-4CFF-1702-A0B36977FA7B}.Release|Any CPU.ActiveCfg = Release|Any CPU
		{038C746B-6730-4CFF-1702-A0B36977FA7B}.Release|Any CPU.Build.0 = Release|Any CPU
		{B0387D60-E396-2F76-85F0-C2142943DF43}.Debug|Any CPU.ActiveCfg = Debug|Any CPU
		{B0387D60-E396-2F76-85F0-C2142943DF43}.Debug|Any CPU.Build.0 = Debug|Any CPU
		{B0387D60-E396-2F76-85F0-C2142943DF43}.Release|Any CPU.ActiveCfg = Release|Any CPU
		{B0387D60-E396-2F76-85F0-C2142943DF43}.Release|Any CPU.Build.0 = Release|Any CPU
		{68377757-D04F-FECF-5F82-B00B8FCA139B}.Debug|Any CPU.ActiveCfg = Debug|Any CPU
		{68377757-D04F-FECF-5F82-B00B8FCA139B}.Debug|Any CPU.Build.0 = Debug|Any CPU
		{68377757-D04F-FECF-5F82-B00B8FCA139B}.Release|Any CPU.ActiveCfg = Release|Any CPU
		{68377757-D04F-FECF-5F82-B00B8FCA139B}.Release|Any CPU.Build.0 = Release|Any CPU
		{E1A7C5E4-D60B-4D76-543E-D806B7B54EC2}.Debug|Any CPU.ActiveCfg = Debug|Any CPU
		{E1A7C5E4-D60B-4D76-543E-D806B7B54EC2}.Debug|Any CPU.Build.0 = Debug|Any CPU
		{E1A7C5E4-D60B-4D76-543E-D806B7B54EC2}.Release|Any CPU.ActiveCfg = Release|Any CPU
		{E1A7C5E4-D60B-4D76-543E-D806B7B54EC2}.Release|Any CPU.Build.0 = Release|Any CPU
		{AD0BB67B-EEBA-A377-6BB8-3D8779825868}.Debug|Any CPU.ActiveCfg = Debug|Any CPU
		{AD0BB67B-EEBA-A377-6BB8-3D8779825868}.Debug|Any CPU.Build.0 = Debug|Any CPU
		{AD0BB67B-EEBA-A377-6BB8-3D8779825868}.Release|Any CPU.ActiveCfg = Release|Any CPU
		{AD0BB67B-EEBA-A377-6BB8-3D8779825868}.Release|Any CPU.Build.0 = Release|Any CPU
		{96A8DAC8-3BF9-79BC-2F10-27C3EBD73EC7}.Debug|Any CPU.ActiveCfg = Debug|Any CPU
		{96A8DAC8-3BF9-79BC-2F10-27C3EBD73EC7}.Debug|Any CPU.Build.0 = Debug|Any CPU
		{96A8DAC8-3BF9-79BC-2F10-27C3EBD73EC7}.Release|Any CPU.ActiveCfg = Release|Any CPU
		{96A8DAC8-3BF9-79BC-2F10-27C3EBD73EC7}.Release|Any CPU.Build.0 = Release|Any CPU
		{C6627ED1-6DAE-A11A-820C-9D75A5D0DE8C}.Debug|Any CPU.ActiveCfg = Debug|Any CPU
		{C6627ED1-6DAE-A11A-820C-9D75A5D0DE8C}.Debug|Any CPU.Build.0 = Debug|Any CPU
		{C6627ED1-6DAE-A11A-820C-9D75A5D0DE8C}.Release|Any CPU.ActiveCfg = Release|Any CPU
		{C6627ED1-6DAE-A11A-820C-9D75A5D0DE8C}.Release|Any CPU.Build.0 = Release|Any CPU
		{77E390BF-8650-EEE0-5E2F-CD270E5A19BA}.Debug|Any CPU.ActiveCfg = Debug|Any CPU
		{77E390BF-8650-EEE0-5E2F-CD270E5A19BA}.Debug|Any CPU.Build.0 = Debug|Any CPU
		{77E390BF-8650-EEE0-5E2F-CD270E5A19BA}.Release|Any CPU.ActiveCfg = Release|Any CPU
		{77E390BF-8650-EEE0-5E2F-CD270E5A19BA}.Release|Any CPU.Build.0 = Release|Any CPU
		{079D94EF-42FA-947D-8C09-0690EA93A9E7}.Debug|Any CPU.ActiveCfg = Debug|Any CPU
		{079D94EF-42FA-947D-8C09-0690EA93A9E7}.Debug|Any CPU.Build.0 = Debug|Any CPU
		{079D94EF-42FA-947D-8C09-0690EA93A9E7}.Release|Any CPU.ActiveCfg = Release|Any CPU
		{079D94EF-42FA-947D-8C09-0690EA93A9E7}.Release|Any CPU.Build.0 = Release|Any CPU
		{9B247336-E460-E155-08FE-A5A89E2ACCD4}.Debug|Any CPU.ActiveCfg = Debug|Any CPU
		{9B247336-E460-E155-08FE-A5A89E2ACCD4}.Debug|Any CPU.Build.0 = Debug|Any CPU
		{9B247336-E460-E155-08FE-A5A89E2ACCD4}.Release|Any CPU.ActiveCfg = Release|Any CPU
		{9B247336-E460-E155-08FE-A5A89E2ACCD4}.Release|Any CPU.Build.0 = Release|Any CPU
		{85118C22-29BA-AA0F-E05B-87480BC48499}.Debug|Any CPU.ActiveCfg = Debug|Any CPU
		{85118C22-29BA-AA0F-E05B-87480BC48499}.Debug|Any CPU.Build.0 = Debug|Any CPU
		{85118C22-29BA-AA0F-E05B-87480BC48499}.Release|Any CPU.ActiveCfg = Release|Any CPU
		{85118C22-29BA-AA0F-E05B-87480BC48499}.Release|Any CPU.Build.0 = Release|Any CPU
		{D64D6261-33AE-2D5C-3C37-9455916115BC}.Debug|Any CPU.ActiveCfg = Debug|Any CPU
		{D64D6261-33AE-2D5C-3C37-9455916115BC}.Debug|Any CPU.Build.0 = Debug|Any CPU
		{D64D6261-33AE-2D5C-3C37-9455916115BC}.Release|Any CPU.ActiveCfg = Release|Any CPU
		{D64D6261-33AE-2D5C-3C37-9455916115BC}.Release|Any CPU.Build.0 = Release|Any CPU
		{F5293E95-3514-0302-246A-F5D0D8126ACC}.Debug|Any CPU.ActiveCfg = Debug|Any CPU
		{F5293E95-3514-0302-246A-F5D0D8126ACC}.Debug|Any CPU.Build.0 = Debug|Any CPU
		{F5293E95-3514-0302-246A-F5D0D8126ACC}.Release|Any CPU.ActiveCfg = Release|Any CPU
		{F5293E95-3514-0302-246A-F5D0D8126ACC}.Release|Any CPU.Build.0 = Release|Any CPU
		{CBD5BF17-C73B-1BB6-D624-3A57296C3FC2}.Debug|Any CPU.ActiveCfg = Debug|Any CPU
		{CBD5BF17-C73B-1BB6-D624-3A57296C3FC2}.Debug|Any CPU.Build.0 = Debug|Any CPU
		{CBD5BF17-C73B-1BB6-D624-3A57296C3FC2}.Release|Any CPU.ActiveCfg = Release|Any CPU
		{CBD5BF17-C73B-1BB6-D624-3A57296C3FC2}.Release|Any CPU.Build.0 = Release|Any CPU
		{BB7741BF-5FC0-3A63-A9D3-03564959AB4E}.Debug|Any CPU.ActiveCfg = Debug|Any CPU
		{BB7741BF-5FC0-3A63-A9D3-03564959AB4E}.Debug|Any CPU.Build.0 = Debug|Any CPU
		{BB7741BF-5FC0-3A63-A9D3-03564959AB4E}.Release|Any CPU.ActiveCfg = Release|Any CPU
		{BB7741BF-5FC0-3A63-A9D3-03564959AB4E}.Release|Any CPU.Build.0 = Release|Any CPU
		{DFD773C9-8DC9-9310-E34A-1CD393C6BB0F}.Debug|Any CPU.ActiveCfg = Debug|Any CPU
		{DFD773C9-8DC9-9310-E34A-1CD393C6BB0F}.Debug|Any CPU.Build.0 = Debug|Any CPU
		{DFD773C9-8DC9-9310-E34A-1CD393C6BB0F}.Release|Any CPU.ActiveCfg = Release|Any CPU
		{DFD773C9-8DC9-9310-E34A-1CD393C6BB0F}.Release|Any CPU.Build.0 = Release|Any CPU
		{07DA17EE-33B3-973F-E50A-5E8A894C5DE3}.Debug|Any CPU.ActiveCfg = Debug|Any CPU
		{07DA17EE-33B3-973F-E50A-5E8A894C5DE3}.Debug|Any CPU.Build.0 = Debug|Any CPU
		{07DA17EE-33B3-973F-E50A-5E8A894C5DE3}.Release|Any CPU.ActiveCfg = Release|Any CPU
		{07DA17EE-33B3-973F-E50A-5E8A894C5DE3}.Release|Any CPU.Build.0 = Release|Any CPU
		{E7EE37CD-8958-33AF-1F58-02ED4B1BAC18}.Debug|Any CPU.ActiveCfg = Debug|Any CPU
		{E7EE37CD-8958-33AF-1F58-02ED4B1BAC18}.Debug|Any CPU.Build.0 = Debug|Any CPU
		{E7EE37CD-8958-33AF-1F58-02ED4B1BAC18}.Release|Any CPU.ActiveCfg = Release|Any CPU
		{E7EE37CD-8958-33AF-1F58-02ED4B1BAC18}.Release|Any CPU.Build.0 = Release|Any CPU
		{B7BF7A78-40C7-888A-7FC1-70063BBA9288}.Debug|Any CPU.ActiveCfg = Debug|Any CPU
		{B7BF7A78-40C7-888A-7FC1-70063BBA9288}.Debug|Any CPU.Build.0 = Debug|Any CPU
		{B7BF7A78-40C7-888A-7FC1-70063BBA9288}.Release|Any CPU.ActiveCfg = Release|Any CPU
		{B7BF7A78-40C7-888A-7FC1-70063BBA9288}.Release|Any CPU.Build.0 = Release|Any CPU
		{BD523B65-F307-8ED9-21C9-87039668F5B2}.Debug|Any CPU.ActiveCfg = Debug|Any CPU
		{BD523B65-F307-8ED9-21C9-87039668F5B2}.Debug|Any CPU.Build.0 = Debug|Any CPU
		{BD523B65-F307-8ED9-21C9-87039668F5B2}.Release|Any CPU.ActiveCfg = Release|Any CPU
		{BD523B65-F307-8ED9-21C9-87039668F5B2}.Release|Any CPU.Build.0 = Release|Any CPU
		{31503592-DBB5-5151-F15B-72331522EC62}.Debug|Any CPU.ActiveCfg = Debug|Any CPU
		{31503592-DBB5-5151-F15B-72331522EC62}.Debug|Any CPU.Build.0 = Debug|Any CPU
		{31503592-DBB5-5151-F15B-72331522EC62}.Release|Any CPU.ActiveCfg = Release|Any CPU
		{31503592-DBB5-5151-F15B-72331522EC62}.Release|Any CPU.Build.0 = Release|Any CPU
		{7AFC3676-62DA-BE08-F22C-F7E57E3325EE}.Debug|Any CPU.ActiveCfg = Debug|Any CPU
		{7AFC3676-62DA-BE08-F22C-F7E57E3325EE}.Debug|Any CPU.Build.0 = Debug|Any CPU
		{7AFC3676-62DA-BE08-F22C-F7E57E3325EE}.Release|Any CPU.ActiveCfg = Release|Any CPU
		{7AFC3676-62DA-BE08-F22C-F7E57E3325EE}.Release|Any CPU.Build.0 = Release|Any CPU
		{BFB5CFA1-389E-D659-25A3-F14FB7B928C9}.Debug|Any CPU.ActiveCfg = Debug|Any CPU
		{BFB5CFA1-389E-D659-25A3-F14FB7B928C9}.Debug|Any CPU.Build.0 = Debug|Any CPU
		{BFB5CFA1-389E-D659-25A3-F14FB7B928C9}.Release|Any CPU.ActiveCfg = Release|Any CPU
		{BFB5CFA1-389E-D659-25A3-F14FB7B928C9}.Release|Any CPU.Build.0 = Release|Any CPU
		{61C1C10C-5864-A8E3-321A-CDE6F6700B74}.Debug|Any CPU.ActiveCfg = Debug|Any CPU
		{61C1C10C-5864-A8E3-321A-CDE6F6700B74}.Debug|Any CPU.Build.0 = Debug|Any CPU
		{61C1C10C-5864-A8E3-321A-CDE6F6700B74}.Release|Any CPU.ActiveCfg = Release|Any CPU
		{61C1C10C-5864-A8E3-321A-CDE6F6700B74}.Release|Any CPU.Build.0 = Release|Any CPU
		{8DDA7932-FEF5-F19F-A093-7F311CC2B329}.Debug|Any CPU.ActiveCfg = Debug|Any CPU
		{8DDA7932-FEF5-F19F-A093-7F311CC2B329}.Debug|Any CPU.Build.0 = Debug|Any CPU
		{8DDA7932-FEF5-F19F-A093-7F311CC2B329}.Release|Any CPU.ActiveCfg = Release|Any CPU
		{8DDA7932-FEF5-F19F-A093-7F311CC2B329}.Release|Any CPU.Build.0 = Release|Any CPU
		{7558EB03-829E-987C-AF98-AAD067DA87DC}.Debug|Any CPU.ActiveCfg = Debug|Any CPU
		{7558EB03-829E-987C-AF98-AAD067DA87DC}.Debug|Any CPU.Build.0 = Debug|Any CPU
		{7558EB03-829E-987C-AF98-AAD067DA87DC}.Release|Any CPU.ActiveCfg = Release|Any CPU
		{7558EB03-829E-987C-AF98-AAD067DA87DC}.Release|Any CPU.Build.0 = Release|Any CPU
		{77DF3EEE-4B6D-BF43-82FB-68D134A1C719}.Debug|Any CPU.ActiveCfg = Debug|Any CPU
		{77DF3EEE-4B6D-BF43-82FB-68D134A1C719}.Debug|Any CPU.Build.0 = Debug|Any CPU
		{77DF3EEE-4B6D-BF43-82FB-68D134A1C719}.Release|Any CPU.ActiveCfg = Release|Any CPU
		{77DF3EEE-4B6D-BF43-82FB-68D134A1C719}.Release|Any CPU.Build.0 = Release|Any CPU
		{4FBA930C-3CF1-9849-801C-F1231882DB12}.Debug|Any CPU.ActiveCfg = Debug|Any CPU
		{4FBA930C-3CF1-9849-801C-F1231882DB12}.Debug|Any CPU.Build.0 = Debug|Any CPU
		{4FBA930C-3CF1-9849-801C-F1231882DB12}.Release|Any CPU.ActiveCfg = Release|Any CPU
		{4FBA930C-3CF1-9849-801C-F1231882DB12}.Release|Any CPU.Build.0 = Release|Any CPU
		{4280D865-748D-FF52-089F-7DA747511A85}.Debug|Any CPU.ActiveCfg = Debug|Any CPU
		{4280D865-748D-FF52-089F-7DA747511A85}.Debug|Any CPU.Build.0 = Debug|Any CPU
		{4280D865-748D-FF52-089F-7DA747511A85}.Release|Any CPU.ActiveCfg = Release|Any CPU
		{4280D865-748D-FF52-089F-7DA747511A85}.Release|Any CPU.Build.0 = Release|Any CPU
		{DB0D9601-E4B8-51D7-588D-63CB96A00CA5}.Debug|Any CPU.ActiveCfg = Debug|Any CPU
		{DB0D9601-E4B8-51D7-588D-63CB96A00CA5}.Debug|Any CPU.Build.0 = Debug|Any CPU
		{DB0D9601-E4B8-51D7-588D-63CB96A00CA5}.Release|Any CPU.ActiveCfg = Release|Any CPU
		{DB0D9601-E4B8-51D7-588D-63CB96A00CA5}.Release|Any CPU.Build.0 = Release|Any CPU
		{BA83D299-B2A4-76E3-F5E1-451C1E1018E1}.Debug|Any CPU.ActiveCfg = Debug|Any CPU
		{BA83D299-B2A4-76E3-F5E1-451C1E1018E1}.Debug|Any CPU.Build.0 = Debug|Any CPU
		{BA83D299-B2A4-76E3-F5E1-451C1E1018E1}.Release|Any CPU.ActiveCfg = Release|Any CPU
		{BA83D299-B2A4-76E3-F5E1-451C1E1018E1}.Release|Any CPU.Build.0 = Release|Any CPU
		{9338D442-8B03-52F5-F3B5-4C30158D61EF}.Debug|Any CPU.ActiveCfg = Debug|Any CPU
		{9338D442-8B03-52F5-F3B5-4C30158D61EF}.Debug|Any CPU.Build.0 = Debug|Any CPU
		{9338D442-8B03-52F5-F3B5-4C30158D61EF}.Release|Any CPU.ActiveCfg = Release|Any CPU
		{9338D442-8B03-52F5-F3B5-4C30158D61EF}.Release|Any CPU.Build.0 = Release|Any CPU
		{4118618D-A8D9-7CFB-D252-8E2670709055}.Debug|Any CPU.ActiveCfg = Debug|Any CPU
		{4118618D-A8D9-7CFB-D252-8E2670709055}.Debug|Any CPU.Build.0 = Debug|Any CPU
		{4118618D-A8D9-7CFB-D252-8E2670709055}.Release|Any CPU.ActiveCfg = Release|Any CPU
		{4118618D-A8D9-7CFB-D252-8E2670709055}.Release|Any CPU.Build.0 = Release|Any CPU
		{0393525F-BDEF-FAEE-F58A-5451CBC913C6}.Debug|Any CPU.ActiveCfg = Debug|Any CPU
		{0393525F-BDEF-FAEE-F58A-5451CBC913C6}.Debug|Any CPU.Build.0 = Debug|Any CPU
		{0393525F-BDEF-FAEE-F58A-5451CBC913C6}.Release|Any CPU.ActiveCfg = Release|Any CPU
		{0393525F-BDEF-FAEE-F58A-5451CBC913C6}.Release|Any CPU.Build.0 = Release|Any CPU
		{63A4CF25-8871-F38F-17B2-0E7ADCC6A61D}.Debug|Any CPU.ActiveCfg = Debug|Any CPU
		{63A4CF25-8871-F38F-17B2-0E7ADCC6A61D}.Debug|Any CPU.Build.0 = Debug|Any CPU
		{63A4CF25-8871-F38F-17B2-0E7ADCC6A61D}.Release|Any CPU.ActiveCfg = Release|Any CPU
		{63A4CF25-8871-F38F-17B2-0E7ADCC6A61D}.Release|Any CPU.Build.0 = Release|Any CPU
		{0EB2774E-DF67-4101-D051-B49E98AED14A}.Debug|Any CPU.ActiveCfg = Debug|Any CPU
		{0EB2774E-DF67-4101-D051-B49E98AED14A}.Debug|Any CPU.Build.0 = Debug|Any CPU
		{0EB2774E-DF67-4101-D051-B49E98AED14A}.Release|Any CPU.ActiveCfg = Release|Any CPU
		{0EB2774E-DF67-4101-D051-B49E98AED14A}.Release|Any CPU.Build.0 = Release|Any CPU
	EndGlobalSection
	GlobalSection(SolutionProperties) = preSolution
		HideSolutionNode = FALSE
	EndGlobalSection
EndGlobal
